
Microsoft Visual Studio Solution File, Format Version 12.00
# Visual Studio Version 17
VisualStudioVersion = 17.10.35027.167
MinimumVisualStudioVersion = 10.0.40219.1
Project("{FAE04EC0-301F-11D3-BF4B-00C04F79EFBC}") = "MiPrimerProyecto", "MiPrimerProyecto.csproj", "{6BDF3DF9-BF79-4FA6-B78C-57289D9D5846}"
EndProject
Global
	GlobalSection(SolutionConfigurationPlatforms) = preSolution
		Debug|Any CPU = Debug|Any CPU
		Release|Any CPU = Release|Any CPU
	EndGlobalSection
	GlobalSection(ProjectConfigurationPlatforms) = postSolution
		{6BDF3DF9-BF79-4FA6-B78C-57289D9D5846}.Debug|Any CPU.ActiveCfg = Debug|Any CPU
		{6BDF3DF9-BF79-4FA6-B78C-57289D9D5846}.Debug|Any CPU.Build.0 = Debug|Any CPU
		{6BDF3DF9-BF79-4FA6-B78C-57289D9D5846}.Release|Any CPU.ActiveCfg = Release|Any CPU
		{6BDF3DF9-BF79-4FA6-B78C-57289D9D5846}.Release|Any CPU.Build.0 = Release|Any CPU
	EndGlobalSection
	GlobalSection(SolutionProperties) = preSolution
		HideSolutionNode = FALSE
	EndGlobalSection
	GlobalSection(ExtensibilityGlobals) = postSolution
		SolutionGuid = {E91D0170-5AA3-4C51-9ED1-B3428773C180}
	EndGlobalSection
EndGlobal
